
Microsoft Visual Studio Solution File, Format Version 12.00
# Visual Studio 15
VisualStudioVersion = 15.0.27004.2006
MinimumVisualStudioVersion = 10.0.40219.1
Project("{FAE04EC0-301F-11D3-BF4B-00C04F79EFBC}") = "FEZAutoScore", "FEZAutoScore\FEZAutoScore.csproj", "{D41307C5-79FE-4103-99FF-DB22DB618548}"
EndProject
Project("{2150E333-8FDC-42A3-9474-1A3956D46DE8}") = "Solution Items", "Solution Items", "{8107D20D-3AA9-4499-BB58-17E08DC32390}"
	ProjectSection(SolutionItems) = preProject
		..\LICENSE.txt = ..\LICENSE.txt
		..\doc\OCR_Algorithm.md = ..\doc\OCR_Algorithm.md
		..\README.md = ..\README.md
	EndProjectSection
EndProject
Global
	GlobalSection(SolutionConfigurationPlatforms) = preSolution
		Debug|Any CPU = Debug|Any CPU
		Release|Any CPU = Release|Any CPU
	EndGlobalSection
	GlobalSection(ProjectConfigurationPlatforms) = postSolution
		{D41307C5-79FE-4103-99FF-DB22DB618548}.Debug|Any CPU.ActiveCfg = Debug|Any CPU
		{D41307C5-79FE-4103-99FF-DB22DB618548}.Debug|Any CPU.Build.0 = Debug|Any CPU
		{D41307C5-79FE-4103-99FF-DB22DB618548}.Release|Any CPU.ActiveCfg = Release|Any CPU
		{D41307C5-79FE-4103-99FF-DB22DB618548}.Release|Any CPU.Build.0 = Release|Any CPU
	EndGlobalSection
	GlobalSection(SolutionProperties) = preSolution
		HideSolutionNode = FALSE
	EndGlobalSection
	GlobalSection(ExtensibilityGlobals) = postSolution
		SolutionGuid = {8C49C4CF-AFC4-4E8D-B7F4-629269831C0D}
	EndGlobalSection
EndGlobal
